
Microsoft Visual Studio Solution File, Format Version 12.00
# Visual Studio Version 17
VisualStudioVersion = 17.6.33712.159
MinimumVisualStudioVersion = 10.0.40219.1
Project("{FAE04EC0-301F-11D3-BF4B-00C04F79EFBC}") = "ConsoleApp1", "ConsoleApp1\ConsoleApp1.csproj", "{18F44920-7675-43AC-92F2-38D9A0B1D56D}"
EndProject
Global
	GlobalSection(SolutionConfigurationPlatforms) = preSolution
		Debug|Any CPU = Debug|Any CPU
		Release|Any CPU = Release|Any CPU
	EndGlobalSection
	GlobalSection(ProjectConfigurationPlatforms) = postSolution
		{18F44920-7675-43AC-92F2-38D9A0B1D56D}.Debug|Any CPU.ActiveCfg = Debug|Any CPU
		{18F44920-7675-43AC-92F2-38D9A0B1D56D}.Debug|Any CPU.Build.0 = Debug|Any CPU
		{18F44920-7675-43AC-92F2-38D9A0B1D56D}.Release|Any CPU.ActiveCfg = Release|Any CPU
		{18F44920-7675-43AC-92F2-38D9A0B1D56D}.Release|Any CPU.Build.0 = Release|Any CPU
	EndGlobalSection
	GlobalSection(SolutionProperties) = preSolution
		HideSolutionNode = FALSE
	EndGlobalSection
	GlobalSection(ExtensibilityGlobals) = postSolution
		SolutionGuid = {3E1680C8-87DE-4DCC-80D0-1C8816E229BF}
	EndGlobalSection
EndGlobal
